
Microsoft Visual Studio Solution File, Format Version 12.00
# Visual Studio Version 16
VisualStudioVersion = 16.0.30503.244
MinimumVisualStudioVersion = 10.0.40219.1
Project("{FAE04EC0-301F-11D3-BF4B-00C04F79EFBC}") = "BatteryTracker", "BatteryTracker.csproj", "{67B8EB69-1EF8-4BF3-B8E8-66980F36CA9A}"
EndProject
Global
	GlobalSection(SolutionConfigurationPlatforms) = preSolution
		Debug|Any CPU = Debug|Any CPU
		Release|Any CPU = Release|Any CPU
	EndGlobalSection
	GlobalSection(ProjectConfigurationPlatforms) = postSolution
		{67B8EB69-1EF8-4BF3-B8E8-66980F36CA9A}.Debug|Any CPU.ActiveCfg = Debug|Any CPU
		{67B8EB69-1EF8-4BF3-B8E8-66980F36CA9A}.Debug|Any CPU.Build.0 = Debug|Any CPU
		{67B8EB69-1EF8-4BF3-B8E8-66980F36CA9A}.Release|Any CPU.ActiveCfg = Release|Any CPU
		{67B8EB69-1EF8-4BF3-B8E8-66980F36CA9A}.Release|Any CPU.Build.0 = Release|Any CPU
	EndGlobalSection
	GlobalSection(SolutionProperties) = preSolution
		HideSolutionNode = FALSE
	EndGlobalSection
	GlobalSection(ExtensibilityGlobals) = postSolution
		SolutionGuid = {5DC1DF5E-E455-4A81-A59F-45562CC7095F}
	EndGlobalSection
EndGlobal
